// !$*UTF8*$!
{
	archiveVersion = 1;
	classes = {
	};
	objectVersion = 77;
	objects = {

/* Begin PBXBuildFile section */
		C502A56F2FB97CE00055B250 /* PeerClient.swift in Sources */ = {isa = PBXBuildFile; fileRef = C502A5682FB97CE00055B250 /* PeerClient.swift */; };
		C502A5702FB97CE00055B250 /* HistoryView.swift in Sources */ = {isa = PBXBuildFile; fileRef = C502A5652FB97CE00055B250 /* HistoryView.swift */; };
		C502A5722FB97CE00055B250 /* DuoPasteApp.swift in Sources */ = {isa = PBXBuildFile; fileRef = C502A5622FB97CE00055B250 /* DuoPasteApp.swift */; };
		C502A5732FB97CE00055B250 /* SettingsView.swift in Sources */ = {isa = PBXBuildFile; fileRef = C502A56D2FB97CE00055B250 /* SettingsView.swift */; };
		C502A5742FB97CE00055B250 /* PeerWebSocket.swift in Sources */ = {isa = PBXBuildFile; fileRef = C502A56B2FB97CE00055B250 /* PeerWebSocket.swift */; };
		C502A5752FB97CE00055B250 /* PeerConfig.swift in Sources */ = {isa = PBXBuildFile; fileRef = C502A5692FB97CE00055B250 /* PeerConfig.swift */; };
		C502A5762FB97CE00055B250 /* PeerSyncCoordinator.swift in Sources */ = {isa = PBXBuildFile; fileRef = C502A56A2FB97CE00055B250 /* PeerSyncCoordinator.swift */; };
		C502A5772FB97CE00055B250 /* RootView.swift in Sources */ = {isa = PBXBuildFile; fileRef = C502A56C2FB97CE00055B250 /* RootView.swift */; };
		C502A5782FB97CE00055B250 /* HistoryCellView.swift in Sources */ = {isa = PBXBuildFile; fileRef = C502A5632FB97CE00055B250 /* HistoryCellView.swift */; };
		C502A5792FB97CE00055B250 /* HistoryStore.swift in Sources */ = {isa = PBXBuildFile; fileRef = C502A5642FB97CE00055B250 /* HistoryStore.swift */; };
		C502A57A2FB97CE00055B250 /* Models.swift in Sources */ = {isa = PBXBuildFile; fileRef = C502A5672FB97CE00055B250 /* Models.swift */; };
		C502A57D2FB97E1E0055B250 /* DuoPasteCore in Frameworks */ = {isa = PBXBuildFile; productRef = C502A57C2FB97E1E0055B250 /* DuoPasteCore */; };
		C5EF4C3A2FB990A3004E643A /* BlobCache.swift in Sources */ = {isa = PBXBuildFile; fileRef = C5EF4C372FB990A3004E643A /* BlobCache.swift */; };
		C5EF4C3C2FB999F9004E643A /* ShareCoordinator.swift in Sources */ = {isa = PBXBuildFile; fileRef = C5EF4C3B2FB999F9004E643A /* ShareCoordinator.swift */; };
		C5EF4D012FB9A001004E643A /* AppIconCache.swift in Sources */ = {isa = PBXBuildFile; fileRef = C5EF4D002FB9A001004E643A /* AppIconCache.swift */; };
		D1A00010000000000000A001 /* PeerDiscovery.swift in Sources */ = {isa = PBXBuildFile; fileRef = D1A00010000000000000B001 /* PeerDiscovery.swift */; };
		D1A00030000000000000A003 /* BackgroundPullService.swift in Sources */ = {isa = PBXBuildFile; fileRef = D1A00030000000000000B003 /* BackgroundPullService.swift */; };
		D1A00050000000000000A005 /* EndpointPicker.swift in Sources */ = {isa = PBXBuildFile; fileRef = D1A00050000000000000B005 /* EndpointPicker.swift */; };
		D1A00060000000000000A006 /* PinPairingClient.swift in Sources */ = {isa = PBXBuildFile; fileRef = D1A00060000000000000B006 /* PinPairingClient.swift */; };
		D1A00070000000000000A007 /* NetworkChangeWatcher.swift in Sources */ = {isa = PBXBuildFile; fileRef = D1A00070000000000000B007 /* NetworkChangeWatcher.swift */; };
		D1A00080000000000000A008 /* PinPairingSheet.swift in Sources */ = {isa = PBXBuildFile; fileRef = D1A00080000000000000B008 /* PinPairingSheet.swift */; };
		D1A00090000000000000A009 /* TrustAnyDelegate.swift in Sources */ = {isa = PBXBuildFile; fileRef = D1A00090000000000000B009 /* TrustAnyDelegate.swift */; };
		D1A000A0000000000000A00A /* QRScannerView.swift in Sources */ = {isa = PBXBuildFile; fileRef = D1A000A0000000000000B00A /* QRScannerView.swift */; };
		D1A000B0000000000000A00B /* DebugLog.swift in Sources */ = {isa = PBXBuildFile; fileRef = D1A000B0000000000000B00B /* DebugLog.swift */; };
/* End PBXBuildFile section */


/* Begin PBXFileReference section */
		C502A53B2FB97B9E0055B250 /* DuoPasteApp.app */ = {isa = PBXFileReference; explicitFileType = wrapper.application; includeInIndex = 0; path = DuoPasteApp.app; sourceTree = BUILT_PRODUCTS_DIR; };
		C502A5622FB97CE00055B250 /* DuoPasteApp.swift */ = {isa = PBXFileReference; lastKnownFileType = sourcecode.swift; path = DuoPasteApp.swift; sourceTree = "<group>"; };
		C502A5632FB97CE00055B250 /* HistoryCellView.swift */ = {isa = PBXFileReference; lastKnownFileType = sourcecode.swift; path = HistoryCellView.swift; sourceTree = "<group>"; };
		C502A5642FB97CE00055B250 /* HistoryStore.swift */ = {isa = PBXFileReference; lastKnownFileType = sourcecode.swift; path = HistoryStore.swift; sourceTree = "<group>"; };
		C502A5652FB97CE00055B250 /* HistoryView.swift */ = {isa = PBXFileReference; lastKnownFileType = sourcecode.swift; path = HistoryView.swift; sourceTree = "<group>"; };
		C502A5672FB97CE00055B250 /* Models.swift */ = {isa = PBXFileReference; lastKnownFileType = sourcecode.swift; path = Models.swift; sourceTree = "<group>"; };
		C502A5682FB97CE00055B250 /* PeerClient.swift */ = {isa = PBXFileReference; lastKnownFileType = sourcecode.swift; path = PeerClient.swift; sourceTree = "<group>"; };
		C502A5692FB97CE00055B250 /* PeerConfig.swift */ = {isa = PBXFileReference; lastKnownFileType = sourcecode.swift; path = PeerConfig.swift; sourceTree = "<group>"; };
		C502A56A2FB97CE00055B250 /* PeerSyncCoordinator.swift */ = {isa = PBXFileReference; lastKnownFileType = sourcecode.swift; path = PeerSyncCoordinator.swift; sourceTree = "<group>"; };
		C502A56B2FB97CE00055B250 /* PeerWebSocket.swift */ = {isa = PBXFileReference; lastKnownFileType = sourcecode.swift; path = PeerWebSocket.swift; sourceTree = "<group>"; };
		C502A56C2FB97CE00055B250 /* RootView.swift */ = {isa = PBXFileReference; lastKnownFileType = sourcecode.swift; path = RootView.swift; sourceTree = "<group>"; };
		C502A56D2FB97CE00055B250 /* SettingsView.swift */ = {isa = PBXFileReference; lastKnownFileType = sourcecode.swift; path = SettingsView.swift; sourceTree = "<group>"; };
		C5EF4C372FB990A3004E643A /* BlobCache.swift */ = {isa = PBXFileReference; lastKnownFileType = sourcecode.swift; path = BlobCache.swift; sourceTree = "<group>"; };
		C5EF4C3B2FB999F9004E643A /* ShareCoordinator.swift */ = {isa = PBXFileReference; lastKnownFileType = sourcecode.swift; path = ShareCoordinator.swift; sourceTree = "<group>"; };
		C5EF4D002FB9A001004E643A /* AppIconCache.swift */ = {isa = PBXFileReference; lastKnownFileType = sourcecode.swift; path = AppIconCache.swift; sourceTree = "<group>"; };
		D1A00010000000000000B001 /* PeerDiscovery.swift */ = {isa = PBXFileReference; lastKnownFileType = sourcecode.swift; path = PeerDiscovery.swift; sourceTree = "<group>"; };
		D1A00030000000000000B003 /* BackgroundPullService.swift */ = {isa = PBXFileReference; lastKnownFileType = sourcecode.swift; path = BackgroundPullService.swift; sourceTree = "<group>"; };
		D1A00050000000000000B005 /* EndpointPicker.swift */ = {isa = PBXFileReference; lastKnownFileType = sourcecode.swift; path = EndpointPicker.swift; sourceTree = "<group>"; };
		D1A00060000000000000B006 /* PinPairingClient.swift */ = {isa = PBXFileReference; lastKnownFileType = sourcecode.swift; path = PinPairingClient.swift; sourceTree = "<group>"; };
		D1A00070000000000000B007 /* NetworkChangeWatcher.swift */ = {isa = PBXFileReference; lastKnownFileType = sourcecode.swift; path = NetworkChangeWatcher.swift; sourceTree = "<group>"; };
		D1A00080000000000000B008 /* PinPairingSheet.swift */ = {isa = PBXFileReference; lastKnownFileType = sourcecode.swift; path = PinPairingSheet.swift; sourceTree = "<group>"; };
		D1A00090000000000000B009 /* TrustAnyDelegate.swift */ = {isa = PBXFileReference; lastKnownFileType = sourcecode.swift; path = TrustAnyDelegate.swift; sourceTree = "<group>"; };
		D1A000A0000000000000B00A /* QRScannerView.swift */ = {isa = PBXFileReference; lastKnownFileType = sourcecode.swift; path = QRScannerView.swift; sourceTree = "<group>"; };
		D1A000B0000000000000B00B /* DebugLog.swift */ = {isa = PBXFileReference; lastKnownFileType = sourcecode.swift; path = DebugLog.swift; sourceTree = "<group>"; };
/* End PBXFileReference section */

/* Begin PBXFileSystemSynchronizedRootGroup section */
		C502A53D2FB97B9E0055B250 /* DuoPasteApp */ = {
			isa = PBXFileSystemSynchronizedRootGroup;
			path = DuoPasteApp;
			sourceTree = "<group>";
		};
/* End PBXFileSystemSynchronizedRootGroup section */

/* Begin PBXFrameworksBuildPhase section */
		C502A5382FB97B9E0055B250 /* Frameworks */ = {
			isa = PBXFrameworksBuildPhase;
			buildActionMask = 2147483647;
			files = (
				C502A57D2FB97E1E0055B250 /* DuoPasteCore in Frameworks */,
			);
			runOnlyForDeploymentPostprocessing = 0;
		};
/* End PBXFrameworksBuildPhase section */

/* Begin PBXGroup section */
		C502A5322FB97B9E0055B250 = {
			isa = PBXGroup;
			children = (
				C502A53D2FB97B9E0055B250 /* DuoPasteApp */,
				C502A53C2FB97B9E0055B250 /* Products */,
				C502A56E2FB97CE00055B250 /* DuoPaste */,
			);
			sourceTree = "<group>";
		};
		C502A53C2FB97B9E0055B250 /* Products */ = {
			isa = PBXGroup;
			children = (
				C502A53B2FB97B9E0055B250 /* DuoPasteApp.app */,
			);
			name = Products;
			sourceTree = "<group>";
		};
		C502A56E2FB97CE00055B250 /* DuoPaste */ = {
			isa = PBXGroup;
			children = (
				C5EF4D002FB9A001004E643A /* AppIconCache.swift */,
				C5EF4C3B2FB999F9004E643A /* ShareCoordinator.swift */,
				C5EF4C372FB990A3004E643A /* BlobCache.swift */,
				C502A5622FB97CE00055B250 /* DuoPasteApp.swift */,
				C502A5632FB97CE00055B250 /* HistoryCellView.swift */,
				C502A5642FB97CE00055B250 /* HistoryStore.swift */,
				C502A5652FB97CE00055B250 /* HistoryView.swift */,
				C502A5672FB97CE00055B250 /* Models.swift */,
				C502A5682FB97CE00055B250 /* PeerClient.swift */,
				C502A5692FB97CE00055B250 /* PeerConfig.swift */,
				C502A56A2FB97CE00055B250 /* PeerSyncCoordinator.swift */,
				C502A56B2FB97CE00055B250 /* PeerWebSocket.swift */,
				C502A56C2FB97CE00055B250 /* RootView.swift */,
				C502A56D2FB97CE00055B250 /* SettingsView.swift */,
				D1A00010000000000000B001 /* PeerDiscovery.swift */,
				D1A00030000000000000B003 /* BackgroundPullService.swift */,
				D1A00050000000000000B005 /* EndpointPicker.swift */,
				D1A00060000000000000B006 /* PinPairingClient.swift */,
				D1A00070000000000000B007 /* NetworkChangeWatcher.swift */,
				D1A00080000000000000B008 /* PinPairingSheet.swift */,
				D1A00090000000000000B009 /* TrustAnyDelegate.swift */,
				D1A000A0000000000000B00A /* QRScannerView.swift */,
				D1A000B0000000000000B00B /* DebugLog.swift */,
			);
			name = DuoPaste;
			path = ../DuoPaste;
			sourceTree = SOURCE_ROOT;
		};
/* End PBXGroup section */

/* Begin PBXNativeTarget section */
		C502A53A2FB97B9E0055B250 /* DuoPasteApp */ = {
			isa = PBXNativeTarget;
			buildConfigurationList = C502A5462FB97B9F0055B250 /* Build configuration list for PBXNativeTarget "DuoPasteApp" */;
			buildPhases = (
				C502A5372FB97B9E0055B250 /* Sources */,
				C502A5382FB97B9E0055B250 /* Frameworks */,
				C502A5392FB97B9E0055B250 /* Resources */,
			);
			buildRules = (
			);
			dependencies = (
			);
			fileSystemSynchronizedGroups = (
				C502A53D2FB97B9E0055B250 /* DuoPasteApp */,
			);
			name = DuoPasteApp;
			packageProductDependencies = (
				C502A57C2FB97E1E0055B250 /* DuoPasteCore */,
			);
			productName = DuoPasteApp;
			productReference = C502A53B2FB97B9E0055B250 /* DuoPasteApp.app */;
			productType = "com.apple.product-type.application";
		};
/* End PBXNativeTarget section */

/* Begin PBXProject section */
		C502A5332FB97B9E0055B250 /* Project object */ = {
			isa = PBXProject;
			attributes = {
				BuildIndependentTargetsInParallel = 1;
				LastSwiftUpdateCheck = 2650;
				LastUpgradeCheck = 2650;
				TargetAttributes = {
					C502A53A2FB97B9E0055B250 = {
						CreatedOnToolsVersion = 26.5;
						LastSwiftMigration = 2650;
					};
				};
			};
			buildConfigurationList = C502A5362FB97B9E0055B250 /* Build configuration list for PBXProject "DuoPasteApp" */;
			developmentRegion = en;
			hasScannedForEncodings = 0;
			knownRegions = (
				en,
				Base,
			);
			mainGroup = C502A5322FB97B9E0055B250;
			minimizedProjectReferenceProxies = 1;
			packageReferences = (
				C502A57B2FB97E1E0055B250 /* XCLocalSwiftPackageReference "../../../duo-paste" */,
			);
			preferredProjectObjectVersion = 77;
			productRefGroup = C502A53C2FB97B9E0055B250 /* Products */;
			projectDirPath = "";
			projectRoot = "";
			targets = (
				C502A53A2FB97B9E0055B250 /* DuoPasteApp */,
			);
		};
/* End PBXProject section */

/* Begin PBXResourcesBuildPhase section */
		C502A5392FB97B9E0055B250 /* Resources */ = {
			isa = PBXResourcesBuildPhase;
			buildActionMask = 2147483647;
			files = (
			);
			runOnlyForDeploymentPostprocessing = 0;
		};
/* End PBXResourcesBuildPhase section */

/* Begin PBXSourcesBuildPhase section */
		C502A5372FB97B9E0055B250 /* Sources */ = {
			isa = PBXSourcesBuildPhase;
			buildActionMask = 2147483647;
			files = (
				C502A56F2FB97CE00055B250 /* PeerClient.swift in Sources */,
				C502A5702FB97CE00055B250 /* HistoryView.swift in Sources */,
				C502A5722FB97CE00055B250 /* DuoPasteApp.swift in Sources */,
				C502A5732FB97CE00055B250 /* SettingsView.swift in Sources */,
				C502A5742FB97CE00055B250 /* PeerWebSocket.swift in Sources */,
				C502A5752FB97CE00055B250 /* PeerConfig.swift in Sources */,
				C502A5762FB97CE00055B250 /* PeerSyncCoordinator.swift in Sources */,
				C502A5772FB97CE00055B250 /* RootView.swift in Sources */,
				C5EF4C3A2FB990A3004E643A /* BlobCache.swift in Sources */,
				C5EF4C3C2FB999F9004E643A /* ShareCoordinator.swift in Sources */,
				C5EF4D012FB9A001004E643A /* AppIconCache.swift in Sources */,
				C502A5782FB97CE00055B250 /* HistoryCellView.swift in Sources */,
				C502A5792FB97CE00055B250 /* HistoryStore.swift in Sources */,
				C502A57A2FB97CE00055B250 /* Models.swift in Sources */,
				D1A00010000000000000A001 /* PeerDiscovery.swift in Sources */,
				D1A00030000000000000A003 /* BackgroundPullService.swift in Sources */,
				D1A00050000000000000A005 /* EndpointPicker.swift in Sources */,
				D1A00060000000000000A006 /* PinPairingClient.swift in Sources */,
				D1A00070000000000000A007 /* NetworkChangeWatcher.swift in Sources */,
				D1A00080000000000000A008 /* PinPairingSheet.swift in Sources */,
				D1A00090000000000000A009 /* TrustAnyDelegate.swift in Sources */,
				D1A000A0000000000000A00A /* QRScannerView.swift in Sources */,
				D1A000B0000000000000A00B /* DebugLog.swift in Sources */,
			);
			runOnlyForDeploymentPostprocessing = 0;
		};
/* End PBXSourcesBuildPhase section */

/* Begin XCBuildConfiguration section */
		C502A5442FB97B9F0055B250 /* Debug */ = {
			isa = XCBuildConfiguration;
			buildSettings = {
				ALWAYS_SEARCH_USER_PATHS = NO;
				ASSETCATALOG_COMPILER_GENERATE_SWIFT_ASSET_SYMBOL_EXTENSIONS = YES;
				CLANG_ANALYZER_NONNULL = YES;
				CLANG_ANALYZER_NUMBER_OBJECT_CONVERSION = YES_AGGRESSIVE;
				CLANG_CXX_LANGUAGE_STANDARD = "gnu++20";
				CLANG_ENABLE_MODULES = YES;
				CLANG_ENABLE_OBJC_ARC = YES;
				CLANG_ENABLE_OBJC_WEAK = YES;
				CLANG_WARN_BLOCK_CAPTURE_AUTORELEASING = YES;
				CLANG_WARN_BOOL_CONVERSION = YES;
				CLANG_WARN_COMMA = YES;
				CLANG_WARN_CONSTANT_CONVERSION = YES;
				CLANG_WARN_DEPRECATED_OBJC_IMPLEMENTATIONS = YES;
				CLANG_WARN_DIRECT_OBJC_ISA_USAGE = YES_ERROR;
				CLANG_WARN_DOCUMENTATION_COMMENTS = YES;
				CLANG_WARN_EMPTY_BODY = YES;
				CLANG_WARN_ENUM_CONVERSION = YES;
				CLANG_WARN_INFINITE_RECURSION = YES;
				CLANG_WARN_INT_CONVERSION = YES;
				CLANG_WARN_NON_LITERAL_NULL_CONVERSION = YES;
				CLANG_WARN_OBJC_IMPLICIT_RETAIN_SELF = YES;
				CLANG_WARN_OBJC_LITERAL_CONVERSION = YES;
				CLANG_WARN_OBJC_ROOT_CLASS = YES_ERROR;
				CLANG_WARN_QUOTED_INCLUDE_IN_FRAMEWORK_HEADER = YES;
				CLANG_WARN_RANGE_LOOP_ANALYSIS = YES;
				CLANG_WARN_STRICT_PROTOTYPES = YES;
				CLANG_WARN_SUSPICIOUS_MOVE = YES;
				CLANG_WARN_UNGUARDED_AVAILABILITY = YES_AGGRESSIVE;
				CLANG_WARN_UNREACHABLE_CODE = YES;
				CLANG_WARN__DUPLICATE_METHOD_MATCH = YES;
				COPY_PHASE_STRIP = NO;
				DEBUG_INFORMATION_FORMAT = dwarf;
				DEVELOPMENT_TEAM = RS59HDH7Y3;
				ENABLE_STRICT_OBJC_MSGSEND = YES;
				ENABLE_TESTABILITY = YES;
				ENABLE_USER_SCRIPT_SANDBOXING = YES;
				GCC_C_LANGUAGE_STANDARD = gnu17;
				GCC_DYNAMIC_NO_PIC = NO;
				GCC_NO_COMMON_BLOCKS = YES;
				GCC_OPTIMIZATION_LEVEL = 0;
				GCC_PREPROCESSOR_DEFINITIONS = (
					"DEBUG=1",
					"$(inherited)",
				);
				GCC_WARN_64_TO_32_BIT_CONVERSION = YES;
				GCC_WARN_ABOUT_RETURN_TYPE = YES_ERROR;
				GCC_WARN_UNDECLARED_SELECTOR = YES;
				GCC_WARN_UNINITIALIZED_AUTOS = YES_AGGRESSIVE;
				GCC_WARN_UNUSED_FUNCTION = YES;
				GCC_WARN_UNUSED_VARIABLE = YES;
				IPHONEOS_DEPLOYMENT_TARGET = 26.5;
				LOCALIZATION_PREFERS_STRING_CATALOGS = YES;
				MTL_ENABLE_DEBUG_INFO = INCLUDE_SOURCE;
				MTL_FAST_MATH = YES;
				ONLY_ACTIVE_ARCH = YES;
				SDKROOT = iphoneos;
				SWIFT_ACTIVE_COMPILATION_CONDITIONS = "DEBUG $(inherited)";
				SWIFT_OPTIMIZATION_LEVEL = "-Onone";
			};
			name = Debug;
		};
		C502A5452FB97B9F0055B250 /* Release */ = {
			isa = XCBuildConfiguration;
			buildSettings = {
				ALWAYS_SEARCH_USER_PATHS = NO;
				ASSETCATALOG_COMPILER_GENERATE_SWIFT_ASSET_SYMBOL_EXTENSIONS = YES;
				CLANG_ANALYZER_NONNULL = YES;
				CLANG_ANALYZER_NUMBER_OBJECT_CONVERSION = YES_AGGRESSIVE;
				CLANG_CXX_LANGUAGE_STANDARD = "gnu++20";
				CLANG_ENABLE_MODULES = YES;
				CLANG_ENABLE_OBJC_ARC = YES;
				CLANG_ENABLE_OBJC_WEAK = YES;
				CLANG_WARN_BLOCK_CAPTURE_AUTORELEASING = YES;
				CLANG_WARN_BOOL_CONVERSION = YES;
				CLANG_WARN_COMMA = YES;
				CLANG_WARN_CONSTANT_CONVERSION = YES;
				CLANG_WARN_DEPRECATED_OBJC_IMPLEMENTATIONS = YES;
				CLANG_WARN_DIRECT_OBJC_ISA_USAGE = YES_ERROR;
				CLANG_WARN_DOCUMENTATION_COMMENTS = YES;
				CLANG_WARN_EMPTY_BODY = YES;
				CLANG_WARN_ENUM_CONVERSION = YES;
				CLANG_WARN_INFINITE_RECURSION = YES;
				CLANG_WARN_INT_CONVERSION = YES;
				CLANG_WARN_NON_LITERAL_NULL_CONVERSION = YES;
				CLANG_WARN_OBJC_IMPLICIT_RETAIN_SELF = YES;
				CLANG_WARN_OBJC_LITERAL_CONVERSION = YES;
				CLANG_WARN_OBJC_ROOT_CLASS = YES_ERROR;
				CLANG_WARN_QUOTED_INCLUDE_IN_FRAMEWORK_HEADER = YES;
				CLANG_WARN_RANGE_LOOP_ANALYSIS = YES;
				CLANG_WARN_STRICT_PROTOTYPES = YES;
				CLANG_WARN_SUSPICIOUS_MOVE = YES;
				CLANG_WARN_UNGUARDED_AVAILABILITY = YES_AGGRESSIVE;
				CLANG_WARN_UNREACHABLE_CODE = YES;
				CLANG_WARN__DUPLICATE_METHOD_MATCH = YES;
				COPY_PHASE_STRIP = NO;
				DEBUG_INFORMATION_FORMAT = "dwarf-with-dsym";
				DEVELOPMENT_TEAM = RS59HDH7Y3;
				ENABLE_NS_ASSERTIONS = NO;
				ENABLE_STRICT_OBJC_MSGSEND = YES;
				ENABLE_USER_SCRIPT_SANDBOXING = YES;
				GCC_C_LANGUAGE_STANDARD = gnu17;
				GCC_NO_COMMON_BLOCKS = YES;
				GCC_WARN_64_TO_32_BIT_CONVERSION = YES;
				GCC_WARN_ABOUT_RETURN_TYPE = YES_ERROR;
				GCC_WARN_UNDECLARED_SELECTOR = YES;
				GCC_WARN_UNINITIALIZED_AUTOS = YES_AGGRESSIVE;
				GCC_WARN_UNUSED_FUNCTION = YES;
				GCC_WARN_UNUSED_VARIABLE = YES;
				IPHONEOS_DEPLOYMENT_TARGET = 26.5;
				LOCALIZATION_PREFERS_STRING_CATALOGS = YES;
				MTL_ENABLE_DEBUG_INFO = NO;
				MTL_FAST_MATH = YES;
				SDKROOT = iphoneos;
				SWIFT_COMPILATION_MODE = wholemodule;
				VALIDATE_PRODUCT = YES;
			};
			name = Release;
		};
		C502A5472FB97B9F0055B250 /* Debug */ = {
			isa = XCBuildConfiguration;
			buildSettings = {
				ASSETCATALOG_COMPILER_APPICON_NAME = AppIcon;
				ASSETCATALOG_COMPILER_GLOBAL_ACCENT_COLOR_NAME = AccentColor;
				CLANG_ENABLE_MODULES = YES;
				CODE_SIGN_STYLE = Automatic;
				CURRENT_PROJECT_VERSION = 1;
				DEVELOPMENT_TEAM = RS59HDH7Y3;
				ENABLE_PREVIEWS = YES;
				GENERATE_INFOPLIST_FILE = NO;
				INFOPLIST_FILE = "$(SRCROOT)/../DuoPaste/Info.plist";
				LD_RUNPATH_SEARCH_PATHS = (
					"$(inherited)",
					"@executable_path/Frameworks",
				);
				MARKETING_VERSION = 1.0;
				PRODUCT_BUNDLE_IDENTIFIER = com.jizhi0v0.DuoPasteApp;
				PRODUCT_NAME = "$(TARGET_NAME)";
				STRING_CATALOG_GENERATE_SYMBOLS = YES;
				SWIFT_APPROACHABLE_CONCURRENCY = YES;
				SWIFT_DEFAULT_ACTOR_ISOLATION = MainActor;
				SWIFT_EMIT_LOC_STRINGS = YES;
				SWIFT_OBJC_BRIDGING_HEADER = "";
				SWIFT_OPTIMIZATION_LEVEL = "-Onone";
				SWIFT_UPCOMING_FEATURE_MEMBER_IMPORT_VISIBILITY = YES;
				SWIFT_VERSION = 5.0;
				TARGETED_DEVICE_FAMILY = "1,2";
			};
			name = Debug;
		};
		C502A5482FB97B9F0055B250 /* Release */ = {
			isa = XCBuildConfiguration;
			buildSettings = {
				ASSETCATALOG_COMPILER_APPICON_NAME = AppIcon;
				ASSETCATALOG_COMPILER_GLOBAL_ACCENT_COLOR_NAME = AccentColor;
				CLANG_ENABLE_MODULES = YES;
				CODE_SIGN_STYLE = Automatic;
				CURRENT_PROJECT_VERSION = 1;
				DEVELOPMENT_TEAM = RS59HDH7Y3;
				ENABLE_PREVIEWS = YES;
				GENERATE_INFOPLIST_FILE = NO;
				INFOPLIST_FILE = "$(SRCROOT)/../DuoPaste/Info.plist";
				LD_RUNPATH_SEARCH_PATHS = (
					"$(inherited)",
					"@executable_path/Frameworks",
				);
				MARKETING_VERSION = 1.0;
				PRODUCT_BUNDLE_IDENTIFIER = com.jizhi0v0.DuoPasteApp;
				PRODUCT_NAME = "$(TARGET_NAME)";
				STRING_CATALOG_GENERATE_SYMBOLS = YES;
				SWIFT_APPROACHABLE_CONCURRENCY = YES;
				SWIFT_DEFAULT_ACTOR_ISOLATION = MainActor;
				SWIFT_EMIT_LOC_STRINGS = YES;
				SWIFT_OBJC_BRIDGING_HEADER = "";
				SWIFT_UPCOMING_FEATURE_MEMBER_IMPORT_VISIBILITY = YES;
				SWIFT_VERSION = 5.0;
				TARGETED_DEVICE_FAMILY = "1,2";
			};
			name = Release;
		};
/* End XCBuildConfiguration section */

/* Begin XCConfigurationList section */
		C502A5362FB97B9E0055B250 /* Build configuration list for PBXProject "DuoPasteApp" */ = {
			isa = XCConfigurationList;
			buildConfigurations = (
				C502A5442FB97B9F0055B250 /* Debug */,
				C502A5452FB97B9F0055B250 /* Release */,
			);
			defaultConfigurationIsVisible = 0;
			defaultConfigurationName = Release;
		};
		C502A5462FB97B9F0055B250 /* Build configuration list for PBXNativeTarget "DuoPasteApp" */ = {
			isa = XCConfigurationList;
			buildConfigurations = (
				C502A5472FB97B9F0055B250 /* Debug */,
				C502A5482FB97B9F0055B250 /* Release */,
			);
			defaultConfigurationIsVisible = 0;
			defaultConfigurationName = Release;
		};
/* End XCConfigurationList section */

/* Begin XCLocalSwiftPackageReference section */
		C502A57B2FB97E1E0055B250 /* XCLocalSwiftPackageReference "../../../duo-paste" */ = {
			isa = XCLocalSwiftPackageReference;
			relativePath = "../../../duo-paste";
		};
/* End XCLocalSwiftPackageReference section */

/* Begin XCSwiftPackageProductDependency section */
		C502A57C2FB97E1E0055B250 /* DuoPasteCore */ = {
			isa = XCSwiftPackageProductDependency;
			productName = DuoPasteCore;
		};
/* End XCSwiftPackageProductDependency section */
	};
	rootObject = C502A5332FB97B9E0055B250 /* Project object */;
}
